
Microsoft Visual Studio Solution File, Format Version 12.00
# Visual Studio Version 17
VisualStudioVersion = 17.14.36915.13
MinimumVisualStudioVersion = 10.0.40219.1
Project("{FAE04EC0-301F-11D3-BF4B-00C04F79EFBC}") = "DataAccess", "DotNetTraining.Database\DataAccess.csproj", "{3958D130-FCD8-42B7-999C-31EA4E361056}"
EndProject
Project("{FAE04EC0-301F-11D3-BF4B-00C04F79EFBC}") = "DotNetTraining.MVC", "DotNetTraining.MVC\DotNetTraining.MVC.csproj", "{539B20DA-B2CC-46E2-8DEC-F5DB814845F0}"
EndProject
Project("{FAE04EC0-301F-11D3-BF4B-00C04F79EFBC}") = "DotNetTraining.MVC.Ajax", "DotNetTraining.MVC.Ajax\DotNetTraining.MVC.Ajax.csproj", "{55D3A499-B320-49BC-A657-3B90B38D1C87}"
EndProject
Project("{FAE04EC0-301F-11D3-BF4B-00C04F79EFBC}") = "DotNetTraining.MVC.AdminLTE", "DotNetTraining.MVC.AdminLTE\DotNetTraining.MVC.AdminLTE.csproj", "{B7F306C8-BFC1-4AE8-99F1-2C82F02D0C9A}"
EndProject
Global
	GlobalSection(SolutionConfigurationPlatforms) = preSolution
		Debug|Any CPU = Debug|Any CPU
		Release|Any CPU = Release|Any CPU
	EndGlobalSection
	GlobalSection(ProjectConfigurationPlatforms) = postSolution
		{3958D130-FCD8-42B7-999C-31EA4E361056}.Debug|Any CPU.ActiveCfg = Debug|Any CPU
		{3958D130-FCD8-42B7-999C-31EA4E361056}.Debug|Any CPU.Build.0 = Debug|Any CPU
		{3958D130-FCD8-42B7-999C-31EA4E361056}.Release|Any CPU.ActiveCfg = Release|Any CPU
		{3958D130-FCD8-42B7-999C-31EA4E361056}.Release|Any CPU.Build.0 = Release|Any CPU
		{539B20DA-B2CC-46E2-8DEC-F5DB814845F0}.Debug|Any CPU.ActiveCfg = Debug|Any CPU
		{539B20DA-B2CC-46E2-8DEC-F5DB814845F0}.Debug|Any CPU.Build.0 = Debug|Any CPU
		{539B20DA-B2CC-46E2-8DEC-F5DB814845F0}.Release|Any CPU.ActiveCfg = Release|Any CPU
		{539B20DA-B2CC-46E2-8DEC-F5DB814845F0}.Release|Any CPU.Build.0 = Release|Any CPU
		{55D3A499-B320-49BC-A657-3B90B38D1C87}.Debug|Any CPU.ActiveCfg = Debug|Any CPU
		{55D3A499-B320-49BC-A657-3B90B38D1C87}.Debug|Any CPU.Build.0 = Debug|Any CPU
		{55D3A499-B320-49BC-A657-3B90B38D1C87}.Release|Any CPU.ActiveCfg = Release|Any CPU
		{55D3A499-B320-49BC-A657-3B90B38D1C87}.Release|Any CPU.Build.0 = Release|Any CPU
		{B7F306C8-BFC1-4AE8-99F1-2C82F02D0C9A}.Debug|Any CPU.ActiveCfg = Debug|Any CPU
		{B7F306C8-BFC1-4AE8-99F1-2C82F02D0C9A}.Debug|Any CPU.Build.0 = Debug|Any CPU
		{B7F306C8-BFC1-4AE8-99F1-2C82F02D0C9A}.Release|Any CPU.ActiveCfg = Release|Any CPU
		{B7F306C8-BFC1-4AE8-99F1-2C82F02D0C9A}.Release|Any CPU.Build.0 = Release|Any CPU
	EndGlobalSection
	GlobalSection(SolutionProperties) = preSolution
		HideSolutionNode = FALSE
	EndGlobalSection
	GlobalSection(ExtensibilityGlobals) = postSolution
		SolutionGuid = {52A4D8B0-2F4D-4D37-AAAF-66AD1BB18E70}
	EndGlobalSection
EndGlobal
