
Microsoft Visual Studio Solution File, Format Version 12.00
# Visual Studio Version 17
VisualStudioVersion = 17.14.36915.13 d17.14
MinimumVisualStudioVersion = 10.0.40219.1
Project("{FAE04EC0-301F-11D3-BF4B-00C04F79EFBC}") = "ASPDotNetSerilog", "ASPDotNetSerilog\ASPDotNetSerilog.csproj", "{8CA30705-3DF8-4075-8776-15B32DFBDFBC}"
EndProject
Global
	GlobalSection(SolutionConfigurationPlatforms) = preSolution
		Debug|Any CPU = Debug|Any CPU
		Release|Any CPU = Release|Any CPU
	EndGlobalSection
	GlobalSection(ProjectConfigurationPlatforms) = postSolution
		{8CA30705-3DF8-4075-8776-15B32DFBDFBC}.Debug|Any CPU.ActiveCfg = Debug|Any CPU
		{8CA30705-3DF8-4075-8776-15B32DFBDFBC}.Debug|Any CPU.Build.0 = Debug|Any CPU
		{8CA30705-3DF8-4075-8776-15B32DFBDFBC}.Release|Any CPU.ActiveCfg = Release|Any CPU
		{8CA30705-3DF8-4075-8776-15B32DFBDFBC}.Release|Any CPU.Build.0 = Release|Any CPU
	EndGlobalSection
	GlobalSection(SolutionProperties) = preSolution
		HideSolutionNode = FALSE
	EndGlobalSection
	GlobalSection(ExtensibilityGlobals) = postSolution
		SolutionGuid = {8F5C8640-6E43-4E42-B3B4-DB4B1A0A5C7C}
	EndGlobalSection
EndGlobal
